
Microsoft Visual Studio Solution File, Format Version 12.00
# Visual Studio Version 17
VisualStudioVersion = 17.1.32210.238
MinimumVisualStudioVersion = 10.0.40219.1
Project("{FAE04EC0-301F-11D3-BF4B-00C04F79EFBC}") = "StudentsApp", "StudentsApp.csproj", "{61DCC5F4-8D26-4A89-8436-70E61C4774D1}"
EndProject
Global
	GlobalSection(SolutionConfigurationPlatforms) = preSolution
		Debug|Any CPU = Debug|Any CPU
		Release|Any CPU = Release|Any CPU
	EndGlobalSection
	GlobalSection(ProjectConfigurationPlatforms) = postSolution
		{61DCC5F4-8D26-4A89-8436-70E61C4774D1}.Debug|Any CPU.ActiveCfg = Debug|Any CPU
		{61DCC5F4-8D26-4A89-8436-70E61C4774D1}.Debug|Any CPU.Build.0 = Debug|Any CPU
		{61DCC5F4-8D26-4A89-8436-70E61C4774D1}.Release|Any CPU.ActiveCfg = Release|Any CPU
		{61DCC5F4-8D26-4A89-8436-70E61C4774D1}.Release|Any CPU.Build.0 = Release|Any CPU
	EndGlobalSection
	GlobalSection(SolutionProperties) = preSolution
		HideSolutionNode = FALSE
	EndGlobalSection
	GlobalSection(ExtensibilityGlobals) = postSolution
		SolutionGuid = {2C2829E6-A0F1-4063-A732-C6A9FD368754}
	EndGlobalSection
EndGlobal
